
Microsoft Visual Studio Solution File, Format Version 12.00
# Visual Studio Version 17
VisualStudioVersion = 17.7.34031.279
MinimumVisualStudioVersion = 10.0.40219.1
Project("{FAE04EC0-301F-11D3-BF4B-00C04F79EFBC}") = "Eventify.Api", "Eventify.Api\Eventify.Api.csproj", "{F51807F4-6DF3-4C7F-8345-E8C3D1CF1F56}"
EndProject
Project("{FAE04EC0-301F-11D3-BF4B-00C04F79EFBC}") = "Eventify.Domain", "Eventify.Domain\Eventify.Domain.csproj", "{64354B0A-2D49-473C-A03A-509DC678690E}"
EndProject
Project("{FAE04EC0-301F-11D3-BF4B-00C04F79EFBC}") = "Eventify.Application", "Eventify.Application\Eventify.Application.csproj", "{5B8DD817-8EE6-4D34-88F0-EEDF2085B1CE}"
EndProject
Project("{FAE04EC0-301F-11D3-BF4B-00C04F79EFBC}") = "Eventify.Infrastructure", "Eventify.Infrastructure\Eventify.Infrastructure.csproj", "{D6DAB01F-7579-4B6D-B68B-9F9CF3F4E3F3}"
EndProject
Project("{FAE04EC0-301F-11D3-BF4B-00C04F79EFBC}") = "Eventify.Test", "Eventify.Test\Eventify.Test.csproj", "{BE6E0474-C431-4F25-9666-854CB34F4A6B}"
EndProject
Global
	GlobalSection(SolutionConfigurationPlatforms) = preSolution
		Debug|Any CPU = Debug|Any CPU
		Release|Any CPU = Release|Any CPU
	EndGlobalSection
	GlobalSection(ProjectConfigurationPlatforms) = postSolution
		{F51807F4-6DF3-4C7F-8345-E8C3D1CF1F56}.Debug|Any CPU.ActiveCfg = Debug|Any CPU
		{F51807F4-6DF3-4C7F-8345-E8C3D1CF1F56}.Debug|Any CPU.Build.0 = Debug|Any CPU
		{F51807F4-6DF3-4C7F-8345-E8C3D1CF1F56}.Release|Any CPU.ActiveCfg = Release|Any CPU
		{F51807F4-6DF3-4C7F-8345-E8C3D1CF1F56}.Release|Any CPU.Build.0 = Release|Any CPU
		{64354B0A-2D49-473C-A03A-509DC678690E}.Debug|Any CPU.ActiveCfg = Debug|Any CPU
		{64354B0A-2D49-473C-A03A-509DC678690E}.Debug|Any CPU.Build.0 = Debug|Any CPU
		{64354B0A-2D49-473C-A03A-509DC678690E}.Release|Any CPU.ActiveCfg = Release|Any CPU
		{64354B0A-2D49-473C-A03A-509DC678690E}.Release|Any CPU.Build.0 = Release|Any CPU
		{5B8DD817-8EE6-4D34-88F0-EEDF2085B1CE}.Debug|Any CPU.ActiveCfg = Debug|Any CPU
		{5B8DD817-8EE6-4D34-88F0-EEDF2085B1CE}.Debug|Any CPU.Build.0 = Debug|Any CPU
		{5B8DD817-8EE6-4D34-88F0-EEDF2085B1CE}.Release|Any CPU.ActiveCfg = Release|Any CPU
		{5B8DD817-8EE6-4D34-88F0-EEDF2085B1CE}.Release|Any CPU.Build.0 = Release|Any CPU
		{D6DAB01F-7579-4B6D-B68B-9F9CF3F4E3F3}.Debug|Any CPU.ActiveCfg = Debug|Any CPU
		{D6DAB01F-7579-4B6D-B68B-9F9CF3F4E3F3}.Debug|Any CPU.Build.0 = Debug|Any CPU
		{D6DAB01F-7579-4B6D-B68B-9F9CF3F4E3F3}.Release|Any CPU.ActiveCfg = Release|Any CPU
		{D6DAB01F-7579-4B6D-B68B-9F9CF3F4E3F3}.Release|Any CPU.Build.0 = Release|Any CPU
		{BE6E0474-C431-4F25-9666-854CB34F4A6B}.Debug|Any CPU.ActiveCfg = Debug|Any CPU
		{BE6E0474-C431-4F25-9666-854CB34F4A6B}.Debug|Any CPU.Build.0 = Debug|Any CPU
		{BE6E0474-C431-4F25-9666-854CB34F4A6B}.Release|Any CPU.ActiveCfg = Release|Any CPU
		{BE6E0474-C431-4F25-9666-854CB34F4A6B}.Release|Any CPU.Build.0 = Release|Any CPU
	EndGlobalSection
	GlobalSection(SolutionProperties) = preSolution
		HideSolutionNode = FALSE
	EndGlobalSection
	GlobalSection(ExtensibilityGlobals) = postSolution
		SolutionGuid = {5B99A24E-7D12-4A52-A178-2739F6A20F25}
	EndGlobalSection
EndGlobal
